github.com/davecgh/go-spew v1.1.0 h1:ZDRjVQ15GmhC3fiQ8ni8+OwkZQO4DARzQgrnXU1Liz8=
github.com/davecgh/go-spew v1.1.0/go.mod h1:J7Y8YcW2NihsgmVo/mv3lAwl/skON4iLHjSsI+c5H38=
github.com/dustin/go-humanize v1.0.0/go.mod h1:HtrtbFcZ19U5GC7JDqmcUSB87Iq5E25KnS6fMYU6eOk=
github.com/jackpal/gateway v1.0.5/go.mod h1:lTpwd4ACLXmpyiCTRtfiNyVnUmqT9RivzCDQetPfnjA=
github.com/pkg/term v0.0.0-20190109203006-aa71e9d9e942 h1:A7GG7zcGjl3jqAqGPmcNjd/D9hzL95SuoOQAaFNdLU0=
github.com/pkg/term v0.0.0-20190109203006-aa71e9d9e942/go.mod h1:eCbImbZ95eXtAUIbLAuAVnBnwf83mjf6QIVH8SHYwqQ=
github.com/pmezard/go-difflib v1.0.0 h1:4DBwDE0NGyQoBHbLQYPwSUPoCMWR5BEzIk/f1lZbAQM=
github.com/pmezard/go-difflib v1.0.0/go.mod h1:iKH77koFhYxTK1pcRnkKkqfTogsbg7gZNVY4sRDYZ/4=
github.com/richardwilkes/toolbox v1.9.3 h1:G9muaw+Ck30Md2PPiEDiemMMmN2yMaB4G67ViZEW6mw=
github.com/richardwilkes/toolbox v1.9.3/go.mod h1:lmtR34kHPv+/xe9ctPnnEuBrBE2ViIcFNSzOCMbHKWo=
github.com/richardwilkes/toolbox v1.11.0 h1:VBF/o3tj5jSfX7oiC0vQFrFjOvaY81O6bAA/RatL97c=
github.com/richardwilkes/toolbox v1.11.0/go.mod h1:ZUs/21ySApPLS/ZIlNhCQ42nBOrSxlwP+9TUzizlq/c=
github.com/richardwilkes/toolbox v1.12.0 h1:dGxzOJ47zi7LegvkPoZCZJZDOKSzEUii/793SOrbnXI=
github.com/richardwilkes/toolbox v1.12.0/go.mod h1:1JkSR/OTdnDZmhE4RtQVMWOII+5yGnEP3g247IQu3PE=
github.com/stretchr/objx v0.1.0/go.mod h1:HFkY916IF+rwdDfMAkV7OtwuqBVzrE8GR6GFx+wExME=
github.com/stretchr/testify v1.3.0 h1:TivCn/peBQ7UY8ooIcPgZFpTNSz0Q2U6UrFlUfqbe0Q=
github.com/stretchr/testify v1.3.0/go.mod h1:M5WIy9Dh21IEIfnGCwXGc5bZfKNJtfHm1UVUgZn+9EI=
github.com/stretchr/testify v1.4.0/go.mod h1:j7eGeouHqKxXV5pUuKE4zz7dFj8WfuZ+81PSLYec5m4=
golang.org/x/sys v0.0.0-20190624142023-c5567b49c5d0 h1:HyfiK1WMnHj5FXFXatD+Qs1A/xC2Run6RzeW1SyHxpc=
golang.org/x/sys v0.0.0-20190624142023-c5567b49c5d0/go.mod h1:h1NjWce9XRLGQEsW7wpKNCjG9DtNlClVuFLEZdDNbEs=
golang.org/x/sys v0.0.0-20190826190057-c7b8b68b1456/go.mod h1:h1NjWce9XRLGQEsW7wpKNCjG9DtNlClVuFLEZdDNbEs=
golang.org/x/sys v0.0.0-20190904154756-749cb33beabd/go.mod h1:h1NjWce9XRLGQEsW7wpKNCjG9DtNlClVuFLEZdDNbEs=
gopkg.in/check.v1 v0.0.0-20161208181325-20d25e280405 h1:yhCVgyC4o1eVCa2tZl7eS0r+SDo693bJlVdllGtEeKM=
gopkg.in/check.v1 v0.0.0-20161208181325-20d25e280405/go.mod h1:Co6ibVJAznAaIkqp8huTwlJQCZ016jof/cbN4VW5Yz0=
gopkg.in/yaml.v2 v2.2.2 h1:ZCJp+EgiOT7lHqUV2J862kp8Qj64Jo6az82+3Td9dZw=
gopkg.in/yaml.v2 v2.2.2/go.mod h1:hI93XBmqTisBFMUTm0b8Fm+jr3Dg1NNxqwp+5A1VGuI=
